SITE
  remote: http://community.opscode.com/api/v1
  specs:
    build-essential (1.0.2)
    java (1.5.0)

GIT
  remote: https://github.com/fnichol/chef-apt
  ref: master
  sha: cb998dfdeffbcbb6805527b046b411206d6c77d6
  specs:
    apt (1.2.0)

GIT
  remote: https://github.com/fnichol/chef-rvm
  ref: master
  sha: 6411f1194c2f57dc2578e87d9ca89199561512dd
  specs:
    rvm (0.9.1)

PATH
  remote: vendor/cookbooks/hadoop
  specs:
    hadoop (0.8.0)
      java (>= 0)

DEPENDENCIES
  apt (>= 0)
  build-essential (>= 0)
  hadoop (>= 0)
  java (>= 0)
  rvm (>= 0)

